
Microsoft Visual Studio Solution File, Format Version 12.00
# Visual Studio 14
VisualStudioVersion = 14.0.25420.1
MinimumVisualStudioVersion = 10.0.40219.1
Project("{FAE04EC0-301F-11D3-BF4B-00C04F79EFBC}") = "NewNationals", "NewNationals\NewNationals.csproj", "{EDD1B381-D62B-4C70-8E18-FFF1F2CBC988}"
EndProject
Project("{FAE04EC0-301F-11D3-BF4B-00C04F79EFBC}") = "ClassLibrary", "ClassLibrary\ClassLibrary.csproj", "{E6669650-C150-4144-9860-4647C658D94D}"
EndProject
Global
	GlobalSection(SolutionConfigurationPlatforms) = preSolution
		Debug|Any CPU = Debug|Any CPU
		Release|Any CPU = Release|Any CPU
	EndGlobalSection
	GlobalSection(ProjectConfigurationPlatforms) = postSolution
		{EDD1B381-D62B-4C70-8E18-FFF1F2CBC988}.Debug|Any CPU.ActiveCfg = Debug|Any CPU
		{EDD1B381-D62B-4C70-8E18-FFF1F2CBC988}.Debug|Any CPU.Build.0 = Debug|Any CPU
		{EDD1B381-D62B-4C70-8E18-FFF1F2CBC988}.Release|Any CPU.ActiveCfg = Release|Any CPU
		{EDD1B381-D62B-4C70-8E18-FFF1F2CBC988}.Release|Any CPU.Build.0 = Release|Any CPU
		{E6669650-C150-4144-9860-4647C658D94D}.Debug|Any CPU.ActiveCfg = Debug|Any CPU
		{E6669650-C150-4144-9860-4647C658D94D}.Debug|Any CPU.Build.0 = Debug|Any CPU
		{E6669650-C150-4144-9860-4647C658D94D}.Release|Any CPU.ActiveCfg = Release|Any CPU
		{E6669650-C150-4144-9860-4647C658D94D}.Release|Any CPU.Build.0 = Release|Any CPU
	EndGlobalSection
	GlobalSection(SolutionProperties) = preSolution
		HideSolutionNode = FALSE
	EndGlobalSection
EndGlobal
